{
    "_readme": [
        "This file locks the dependencies of your project to a known state",
        "Read more about it at https://getcomposer.org/doc/01-basic-usage.md#installing-dependencies",
        "This file is @generated automatically"
    ],
    "content-hash": "9688b87feba34af81bddb5e39ba5e65c",
    "packages": [
        {
            "name": "castor-php/php-qa",
            "version": "dev-main",
            "dist": {
                "type": "path",
                "url": ".",
                "reference": "1d58df3ce080c3090ccdb82076fb2326baa495b0"
            },
            "require-dev": {
                "jolicode/castor": "^0.22.1"
            },
            "type": "castor-plugin",
            "autoload": {
                "psr-4": {
                    "CastorPhp\\PhpQa\\": "src/"
                },
                "files": [
                    "src/functions.php"
                ]
            },
            "license": [
                "MIT"
            ],
            "authors": [
                {
                    "name": "Joel Wurtz",
                    "email": "jwurtz@jolicode.com"
                }
            ],
            "description": "PHP Quality tools functions for castor",
            "transport-options": {
                "relative": true
            }
        }
    ],
    "packages-dev": [],
    "aliases": [],
    "minimum-stability": "stable",
    "stability-flags": {
        "castor-php/php-qa": 20
    },
    "prefer-stable": false,
    "prefer-lowest": false,
    "platform": {},
    "platform-dev": {},
    "plugin-api-version": "2.9.0"
}
